
Microsoft Visual Studio Solution File, Format Version 12.00
# Visual Studio Version 16
VisualStudioVersion = 16.0.30907.101
MinimumVisualStudioVersion = 10.0.40219.1
Project("{FAE04EC0-301F-11D3-BF4B-00C04F79EFBC}") = "Assignment1", "Assignment1\Assignment1.csproj", "{27ACA595-3FC2-4DFF-92F1-0652256ABB77}"
EndProject
Global
	GlobalSection(SolutionConfigurationPlatforms) = preSolution
		Debug|Any CPU = Debug|Any CPU
		Release|Any CPU = Release|Any CPU
	EndGlobalSection
	GlobalSection(ProjectConfigurationPlatforms) = postSolution
		{27ACA595-3FC2-4DFF-92F1-0652256ABB77}.Debug|Any CPU.ActiveCfg = Debug|Any CPU
		{27ACA595-3FC2-4DFF-92F1-0652256ABB77}.Debug|Any CPU.Build.0 = Debug|Any CPU
		{27ACA595-3FC2-4DFF-92F1-0652256ABB77}.Release|Any CPU.ActiveCfg = Release|Any CPU
		{27ACA595-3FC2-4DFF-92F1-0652256ABB77}.Release|Any CPU.Build.0 = Release|Any CPU
	EndGlobalSection
	GlobalSection(SolutionProperties) = preSolution
		HideSolutionNode = FALSE
	EndGlobalSection
	GlobalSection(ExtensibilityGlobals) = postSolution
		SolutionGuid = {2A3ED06F-31D9-4D93-915C-C3C0EA047D1E}
	EndGlobalSection
EndGlobal
